
Microsoft Visual Studio Solution File, Format Version 12.00
# Visual Studio 15
VisualStudioVersion = 15.0.28307.136
MinimumVisualStudioVersion = 10.0.40219.1
Project("{FAE04EC0-301F-11D3-BF4B-00C04F79EFBC}") = "SportsStore.WebUI", "SportsStore.WebUI\SportsStore.WebUI.csproj", "{16C62CB4-FD39-40E2-A4D7-5BEF453D63B7}"
EndProject
Project("{FAE04EC0-301F-11D3-BF4B-00C04F79EFBC}") = "SportsStore.UnitTests", "SportsStore.UnitTests\SportsStore.UnitTests.csproj", "{00F09AAF-45BE-4D9C-8C0A-2ADA288F0BF9}"
EndProject
Project("{FAE04EC0-301F-11D3-BF4B-00C04F79EFBC}") = "SportsStore.Domain", "SportsStore.Domain\SportsStore.Domain.csproj", "{43BF222E-1E60-4CA7-B191-D947AB7FDD84}"
EndProject
Global
	GlobalSection(SolutionConfigurationPlatforms) = preSolution
		Debug|Any CPU = Debug|Any CPU
		Release|Any CPU = Release|Any CPU
	EndGlobalSection
	GlobalSection(ProjectConfigurationPlatforms) = postSolution
		{16C62CB4-FD39-40E2-A4D7-5BEF453D63B7}.Debug|Any CPU.ActiveCfg = Debug|Any CPU
		{16C62CB4-FD39-40E2-A4D7-5BEF453D63B7}.Debug|Any CPU.Build.0 = Debug|Any CPU
		{16C62CB4-FD39-40E2-A4D7-5BEF453D63B7}.Release|Any CPU.ActiveCfg = Release|Any CPU
		{16C62CB4-FD39-40E2-A4D7-5BEF453D63B7}.Release|Any CPU.Build.0 = Release|Any CPU
		{00F09AAF-45BE-4D9C-8C0A-2ADA288F0BF9}.Debug|Any CPU.ActiveCfg = Debug|Any CPU
		{00F09AAF-45BE-4D9C-8C0A-2ADA288F0BF9}.Debug|Any CPU.Build.0 = Debug|Any CPU
		{00F09AAF-45BE-4D9C-8C0A-2ADA288F0BF9}.Release|Any CPU.ActiveCfg = Release|Any CPU
		{00F09AAF-45BE-4D9C-8C0A-2ADA288F0BF9}.Release|Any CPU.Build.0 = Release|Any CPU
		{43BF222E-1E60-4CA7-B191-D947AB7FDD84}.Debug|Any CPU.ActiveCfg = Debug|Any CPU
		{43BF222E-1E60-4CA7-B191-D947AB7FDD84}.Debug|Any CPU.Build.0 = Debug|Any CPU
		{43BF222E-1E60-4CA7-B191-D947AB7FDD84}.Release|Any CPU.ActiveCfg = Release|Any CPU
		{43BF222E-1E60-4CA7-B191-D947AB7FDD84}.Release|Any CPU.Build.0 = Release|Any CPU
	EndGlobalSection
	GlobalSection(SolutionProperties) = preSolution
		HideSolutionNode = FALSE
	EndGlobalSection
	GlobalSection(ExtensibilityGlobals) = postSolution
		SolutionGuid = {69C8E42B-2362-47C8-9372-BC25F4DADEB5}
	EndGlobalSection
EndGlobal
